
Microsoft Visual Studio Solution File, Format Version 12.00
# Visual Studio Version 17
VisualStudioVersion = 17.9.34714.143
MinimumVisualStudioVersion = 10.0.40219.1
Project("{9A19103F-16F7-4668-BE54-9A1E7A4F7556}") = "RabbitMQ", "RabbitMQ\RabbitMQ.csproj", "{ADA2ED38-E2A8-4C55-B35B-0AE28FAB6D6E}"
EndProject
Project("{9A19103F-16F7-4668-BE54-9A1E7A4F7556}") = "Exchange & Binding", "Exchange & Binding\Exchange & Binding.csproj", "{F7E78D1E-16FF-4FD1-9DE0-5D233856CEDA}"
EndProject
Project("{9A19103F-16F7-4668-BE54-9A1E7A4F7556}") = "Gelişmiş Kuyruk Mimarisi", "Gelişmiş Kuyruk Mimarisi\Gelişmiş Kuyruk Mimarisi.csproj", "{22D199F7-D5A9-4E46-A300-48F4793A9B0F}"
EndProject
Project("{2150E333-8FDC-42A3-9474-1A3956D46DE8}") = "Gelişmiş Kuyruk Mimaris Example", "Gelişmiş Kuyruk Mimaris Example", "{592D79C8-02CC-40DB-B2F3-50711C4D5BF9}"
EndProject
Project("{9A19103F-16F7-4668-BE54-9A1E7A4F7556}") = "Consumer", "Gelişmiş Kuyruk Mimari Example\Consumer\Consumer.csproj", "{60C52536-ABCC-432D-A854-B7F0EDFC8CE3}"
EndProject
Project("{9A19103F-16F7-4668-BE54-9A1E7A4F7556}") = "Publisher", "Gelişmiş Kuyruk Mimari Example\Publisher\Publisher.csproj", "{1086097B-073C-4EAD-8931-2DF2A64E1E0E}"
EndProject
Project("{2150E333-8FDC-42A3-9474-1A3956D46DE8}") = "Publisher & Consumer Application", "Publisher & Consumer Application", "{B3436B23-5622-41A9-9AE0-5E74683B1A67}"
EndProject
Project("{9A19103F-16F7-4668-BE54-9A1E7A4F7556}") = "RabbitMQ.Publisher", "Publisher & Consumer Application\RabbitMQ.Publisher\RabbitMQ.Publisher.csproj", "{347030D1-B830-410A-B479-3A0F1FACC710}"
EndProject
Project("{9A19103F-16F7-4668-BE54-9A1E7A4F7556}") = "RabbitMQ.Consumer", "Publisher & Consumer Application\RabbitMQ.Consumer\RabbitMQ.Consumer.csproj", "{804F203F-A330-40B3-B87E-39ABC345003B}"
EndProject
Project("{9A19103F-16F7-4668-BE54-9A1E7A4F7556}") = "Direct Exchange", "Direct Exchange\Direct Exchange.csproj", "{1241B94A-DF14-40EB-9A19-307AA4010E98}"
EndProject
Project("{2150E333-8FDC-42A3-9474-1A3956D46DE8}") = "Direct Exchange Example", "Direct Exchange Example", "{8EE35064-5BC0-436F-B71D-FCE9C68855FB}"
EndProject
Project("{9A19103F-16F7-4668-BE54-9A1E7A4F7556}") = "DirectExchane.Publisher", "Direct Exchange Example\DirectExchane.Publisher\DirectExchane.Publisher.csproj", "{4EAD7ED0-9D3E-4C27-A092-29DCE127FC5D}"
EndProject
Project("{9A19103F-16F7-4668-BE54-9A1E7A4F7556}") = "DirectExchane.Consumer", "Direct Exchange Example\DirectExchane.Consumer\DirectExchane.Consumer.csproj", "{8779E2DA-3727-4738-8B75-48F820F27CC2}"
EndProject
Project("{2150E333-8FDC-42A3-9474-1A3956D46DE8}") = "Fanout Exchange Example", "Fanout Exchange Example", "{13031114-8647-4D1B-A94E-A0436116A745}"
EndProject
Project("{9A19103F-16F7-4668-BE54-9A1E7A4F7556}") = "Fanout.Publisher", "Fanout Exchange Example\Fanout.Publisher\Fanout.Publisher.csproj", "{6878F7B9-C1DD-44DC-87A0-8BCFFD07163A}"
EndProject
Project("{9A19103F-16F7-4668-BE54-9A1E7A4F7556}") = "Fanout.Consumer", "Fanout Exchange Example\Fanout.Consumer\Fanout.Consumer.csproj", "{789FAA39-D6D1-48D0-AFA8-691A44CC518E}"
EndProject
Project("{2150E333-8FDC-42A3-9474-1A3956D46DE8}") = "Topic Exchange Example", "Topic Exchange Example", "{79F159E9-D1D9-4B92-BC65-D9404196F54A}"
EndProject
Project("{9A19103F-16F7-4668-BE54-9A1E7A4F7556}") = "Topic.Publisher", "Topic Exchange Example\Topic.Publisher\Topic.Publisher.csproj", "{F7350337-0C2B-4998-9ACD-E1D2E9DECACB}"
EndProject
Project("{9A19103F-16F7-4668-BE54-9A1E7A4F7556}") = "Topic.Customer", "Topic Exchange Example\Topic.Customer\Topic.Customer.csproj", "{FF0CBFA8-D6EB-46D0-8118-5BAF28826458}"
EndProject
Project("{2150E333-8FDC-42A3-9474-1A3956D46DE8}") = "Header Exchange Example", "Header Exchange Example", "{A6E4C8DA-4537-41A1-AFC8-5C18DD7907FF}"
EndProject
Project("{9A19103F-16F7-4668-BE54-9A1E7A4F7556}") = "Header.Publisher", "Header Exchange Example\Header.Publisher\Header.Publisher.csproj", "{BDFFF8ED-A482-4F62-8BFA-DB80A23F0595}"
EndProject
Project("{9A19103F-16F7-4668-BE54-9A1E7A4F7556}") = "Header.Consumer", "Header Exchange Example\Header.Consumer\Header.Consumer.csproj", "{905596E3-C4DF-47D4-9F57-4BA180A9CDAB}"
EndProject
Project("{9A19103F-16F7-4668-BE54-9A1E7A4F7556}") = "Mesaj Tasarım(P2P,PUBSUB,WORKQUEUE,REQUESTRESPONSE)", "Mesaj Tasarım(P2P,PUBSUB,WORKQUEUE,REQUESTRESPONSE)\Mesaj Tasarım(P2P,PUBSUB,WORKQUEUE,REQUESTRESPONSE).csproj", "{AAB78D62-78CC-485A-94F6-CC17B3B2C91F}"
EndProject
Project("{2150E333-8FDC-42A3-9474-1A3956D46DE8}") = "Point to Point (P2P) Example", "Point to Point (P2P) Example", "{1E84DE45-D2AF-4BB7-AD7E-73A8F6B29AD4}"
EndProject
Project("{9A19103F-16F7-4668-BE54-9A1E7A4F7556}") = "P2P.Publisher", "Point to Point (P2P) Example\P2P.Publisher\P2P.Publisher.csproj", "{D4EEBDA2-F5B0-44A5-88E5-DD725E0B720B}"
EndProject
Project("{9A19103F-16F7-4668-BE54-9A1E7A4F7556}") = "P2P.Consumer", "Point to Point (P2P) Example\P2P.Consumer\P2P.Consumer.csproj", "{D7D64287-18B0-4C46-87E0-4752B44793BB}"
EndProject
Project("{2150E333-8FDC-42A3-9474-1A3956D46DE8}") = "Publish Subscribe Example", "Publish Subscribe Example", "{46F2D8A2-D25C-4EF2-9FF4-F7A032603D4E}"
EndProject
Project("{9A19103F-16F7-4668-BE54-9A1E7A4F7556}") = "Publisher", "Publish Subscribe Example\Publisher\Publisher.csproj", "{546F4DB0-BDFE-4259-ADE0-88C260CCE321}"
EndProject
Project("{9A19103F-16F7-4668-BE54-9A1E7A4F7556}") = "Consumer", "Publish Subscribe Example\Consumer\Consumer.csproj", "{AEFB15B1-9837-4327-979A-AB29762846FA}"
EndProject
Project("{2150E333-8FDC-42A3-9474-1A3956D46DE8}") = "Work Queue Example", "Work Queue Example", "{FE7010E7-6E8C-4CA5-9867-49D6B2581EC7}"
EndProject
Project("{FAE04EC0-301F-11D3-BF4B-00C04F79EFBC}") = "WorkQueue.Publisher", "Work Queue Example\WorkQueue.Publisher\WorkQueue.Publisher.csproj", "{C1B33B5D-0035-4D8F-B1CA-FC10DA52CBA1}"
EndProject
Project("{FAE04EC0-301F-11D3-BF4B-00C04F79EFBC}") = "WorkQueue.Consumer", "Work Queue Example\WorkQueue.Consumer\WorkQueue.Consumer.csproj", "{D588B1BF-AAA2-4416-AED0-80D3B81CBEE1}"
EndProject
Project("{2150E333-8FDC-42A3-9474-1A3956D46DE8}") = "Request Response Example", "Request Response Example", "{4E4E2B1D-C5BE-410D-B792-5910FBC4F045}"
EndProject
Project("{FAE04EC0-301F-11D3-BF4B-00C04F79EFBC}") = "RequestResponse.Publisher", "Request Response Example\RequestResponse.Publisher\RequestResponse.Publisher.csproj", "{1F333870-8750-46F4-B634-7D1FF86FC462}"
EndProject
Project("{FAE04EC0-301F-11D3-BF4B-00C04F79EFBC}") = "Consumer", "Request Response Example\Consumer\Consumer.csproj", "{C39C1C91-0623-43BD-BD3C-A97D0EB4D2F9}"
EndProject
Global
	GlobalSection(SolutionConfigurationPlatforms) = preSolution
		Debug|Any CPU = Debug|Any CPU
		Release|Any CPU = Release|Any CPU
	EndGlobalSection
	GlobalSection(ProjectConfigurationPlatforms) = postSolution
		{ADA2ED38-E2A8-4C55-B35B-0AE28FAB6D6E}.Debug|Any CPU.ActiveCfg = Debug|Any CPU
		{ADA2ED38-E2A8-4C55-B35B-0AE28FAB6D6E}.Debug|Any CPU.Build.0 = Debug|Any CPU
		{ADA2ED38-E2A8-4C55-B35B-0AE28FAB6D6E}.Release|Any CPU.ActiveCfg = Release|Any CPU
		{ADA2ED38-E2A8-4C55-B35B-0AE28FAB6D6E}.Release|Any CPU.Build.0 = Release|Any CPU
		{F7E78D1E-16FF-4FD1-9DE0-5D233856CEDA}.Debug|Any CPU.ActiveCfg = Debug|Any CPU
		{F7E78D1E-16FF-4FD1-9DE0-5D233856CEDA}.Debug|Any CPU.Build.0 = Debug|Any CPU
		{F7E78D1E-16FF-4FD1-9DE0-5D233856CEDA}.Release|Any CPU.ActiveCfg = Release|Any CPU
		{F7E78D1E-16FF-4FD1-9DE0-5D233856CEDA}.Release|Any CPU.Build.0 = Release|Any CPU
		{22D199F7-D5A9-4E46-A300-48F4793A9B0F}.Debug|Any CPU.ActiveCfg = Debug|Any CPU
		{22D199F7-D5A9-4E46-A300-48F4793A9B0F}.Debug|Any CPU.Build.0 = Debug|Any CPU
		{22D199F7-D5A9-4E46-A300-48F4793A9B0F}.Release|Any CPU.ActiveCfg = Release|Any CPU
		{22D199F7-D5A9-4E46-A300-48F4793A9B0F}.Release|Any CPU.Build.0 = Release|Any CPU
		{60C52536-ABCC-432D-A854-B7F0EDFC8CE3}.Debug|Any CPU.ActiveCfg = Debug|Any CPU
		{60C52536-ABCC-432D-A854-B7F0EDFC8CE3}.Debug|Any CPU.Build.0 = Debug|Any CPU
		{60C52536-ABCC-432D-A854-B7F0EDFC8CE3}.Release|Any CPU.ActiveCfg = Release|Any CPU
		{60C52536-ABCC-432D-A854-B7F0EDFC8CE3}.Release|Any CPU.Build.0 = Release|Any CPU
		{1086097B-073C-4EAD-8931-2DF2A64E1E0E}.Debug|Any CPU.ActiveCfg = Debug|Any CPU
		{1086097B-073C-4EAD-8931-2DF2A64E1E0E}.Debug|Any CPU.Build.0 = Debug|Any CPU
		{1086097B-073C-4EAD-8931-2DF2A64E1E0E}.Release|Any CPU.ActiveCfg = Release|Any CPU
		{1086097B-073C-4EAD-8931-2DF2A64E1E0E}.Release|Any CPU.Build.0 = Release|Any CPU
		{347030D1-B830-410A-B479-3A0F1FACC710}.Debug|Any CPU.ActiveCfg = Debug|Any CPU
		{347030D1-B830-410A-B479-3A0F1FACC710}.Debug|Any CPU.Build.0 = Debug|Any CPU
		{347030D1-B830-410A-B479-3A0F1FACC710}.Release|Any CPU.ActiveCfg = Release|Any CPU
		{347030D1-B830-410A-B479-3A0F1FACC710}.Release|Any CPU.Build.0 = Release|Any CPU
		{804F203F-A330-40B3-B87E-39ABC345003B}.Debug|Any CPU.ActiveCfg = Debug|Any CPU
		{804F203F-A330-40B3-B87E-39ABC345003B}.Debug|Any CPU.Build.0 = Debug|Any CPU
		{804F203F-A330-40B3-B87E-39ABC345003B}.Release|Any CPU.ActiveCfg = Release|Any CPU
		{804F203F-A330-40B3-B87E-39ABC345003B}.Release|Any CPU.Build.0 = Release|Any CPU
		{1241B94A-DF14-40EB-9A19-307AA4010E98}.Debug|Any CPU.ActiveCfg = Debug|Any CPU
		{1241B94A-DF14-40EB-9A19-307AA4010E98}.Debug|Any CPU.Build.0 = Debug|Any CPU
		{1241B94A-DF14-40EB-9A19-307AA4010E98}.Release|Any CPU.ActiveCfg = Release|Any CPU
		{1241B94A-DF14-40EB-9A19-307AA4010E98}.Release|Any CPU.Build.0 = Release|Any CPU
		{4EAD7ED0-9D3E-4C27-A092-29DCE127FC5D}.Debug|Any CPU.ActiveCfg = Debug|Any CPU
		{4EAD7ED0-9D3E-4C27-A092-29DCE127FC5D}.Debug|Any CPU.Build.0 = Debug|Any CPU
		{4EAD7ED0-9D3E-4C27-A092-29DCE127FC5D}.Release|Any CPU.ActiveCfg = Release|Any CPU
		{4EAD7ED0-9D3E-4C27-A092-29DCE127FC5D}.Release|Any CPU.Build.0 = Release|Any CPU
		{8779E2DA-3727-4738-8B75-48F820F27CC2}.Debug|Any CPU.ActiveCfg = Debug|Any CPU
		{8779E2DA-3727-4738-8B75-48F820F27CC2}.Debug|Any CPU.Build.0 = Debug|Any CPU
		{8779E2DA-3727-4738-8B75-48F820F27CC2}.Release|Any CPU.ActiveCfg = Release|Any CPU
		{8779E2DA-3727-4738-8B75-48F820F27CC2}.Release|Any CPU.Build.0 = Release|Any CPU
		{6878F7B9-C1DD-44DC-87A0-8BCFFD07163A}.Debug|Any CPU.ActiveCfg = Debug|Any CPU
		{6878F7B9-C1DD-44DC-87A0-8BCFFD07163A}.Debug|Any CPU.Build.0 = Debug|Any CPU
		{6878F7B9-C1DD-44DC-87A0-8BCFFD07163A}.Release|Any CPU.ActiveCfg = Release|Any CPU
		{6878F7B9-C1DD-44DC-87A0-8BCFFD07163A}.Release|Any CPU.Build.0 = Release|Any CPU
		{789FAA39-D6D1-48D0-AFA8-691A44CC518E}.Debug|Any CPU.ActiveCfg = Debug|Any CPU
		{789FAA39-D6D1-48D0-AFA8-691A44CC518E}.Debug|Any CPU.Build.0 = Debug|Any CPU
		{789FAA39-D6D1-48D0-AFA8-691A44CC518E}.Release|Any CPU.ActiveCfg = Release|Any CPU
		{789FAA39-D6D1-48D0-AFA8-691A44CC518E}.Release|Any CPU.Build.0 = Release|Any CPU
		{F7350337-0C2B-4998-9ACD-E1D2E9DECACB}.Debug|Any CPU.ActiveCfg = Debug|Any CPU
		{F7350337-0C2B-4998-9ACD-E1D2E9DECACB}.Debug|Any CPU.Build.0 = Debug|Any CPU
		{F7350337-0C2B-4998-9ACD-E1D2E9DECACB}.Release|Any CPU.ActiveCfg = Release|Any CPU
		{F7350337-0C2B-4998-9ACD-E1D2E9DECACB}.Release|Any CPU.Build.0 = Release|Any CPU
		{FF0CBFA8-D6EB-46D0-8118-5BAF28826458}.Debug|Any CPU.ActiveCfg = Debug|Any CPU
		{FF0CBFA8-D6EB-46D0-8118-5BAF28826458}.Debug|Any CPU.Build.0 = Debug|Any CPU
		{FF0CBFA8-D6EB-46D0-8118-5BAF28826458}.Release|Any CPU.ActiveCfg = Release|Any CPU
		{FF0CBFA8-D6EB-46D0-8118-5BAF28826458}.Release|Any CPU.Build.0 = Release|Any CPU
		{BDFFF8ED-A482-4F62-8BFA-DB80A23F0595}.Debug|Any CPU.ActiveCfg = Debug|Any CPU
		{BDFFF8ED-A482-4F62-8BFA-DB80A23F0595}.Debug|Any CPU.Build.0 = Debug|Any CPU
		{BDFFF8ED-A482-4F62-8BFA-DB80A23F0595}.Release|Any CPU.ActiveCfg = Release|Any CPU
		{BDFFF8ED-A482-4F62-8BFA-DB80A23F0595}.Release|Any CPU.Build.0 = Release|Any CPU
		{905596E3-C4DF-47D4-9F57-4BA180A9CDAB}.Debug|Any CPU.ActiveCfg = Debug|Any CPU
		{905596E3-C4DF-47D4-9F57-4BA180A9CDAB}.Debug|Any CPU.Build.0 = Debug|Any CPU
		{905596E3-C4DF-47D4-9F57-4BA180A9CDAB}.Release|Any CPU.ActiveCfg = Release|Any CPU
		{905596E3-C4DF-47D4-9F57-4BA180A9CDAB}.Release|Any CPU.Build.0 = Release|Any CPU
		{AAB78D62-78CC-485A-94F6-CC17B3B2C91F}.Debug|Any CPU.ActiveCfg = Debug|Any CPU
		{AAB78D62-78CC-485A-94F6-CC17B3B2C91F}.Debug|Any CPU.Build.0 = Debug|Any CPU
		{AAB78D62-78CC-485A-94F6-CC17B3B2C91F}.Release|Any CPU.ActiveCfg = Release|Any CPU
		{AAB78D62-78CC-485A-94F6-CC17B3B2C91F}.Release|Any CPU.Build.0 = Release|Any CPU
		{D4EEBDA2-F5B0-44A5-88E5-DD725E0B720B}.Debug|Any CPU.ActiveCfg = Debug|Any CPU
		{D4EEBDA2-F5B0-44A5-88E5-DD725E0B720B}.Debug|Any CPU.Build.0 = Debug|Any CPU
		{D4EEBDA2-F5B0-44A5-88E5-DD725E0B720B}.Release|Any CPU.ActiveCfg = Release|Any CPU
		{D4EEBDA2-F5B0-44A5-88E5-DD725E0B720B}.Release|Any CPU.Build.0 = Release|Any CPU
		{D7D64287-18B0-4C46-87E0-4752B44793BB}.Debug|Any CPU.ActiveCfg = Debug|Any CPU
		{D7D64287-18B0-4C46-87E0-4752B44793BB}.Debug|Any CPU.Build.0 = Debug|Any CPU
		{D7D64287-18B0-4C46-87E0-4752B44793BB}.Release|Any CPU.ActiveCfg = Release|Any CPU
		{D7D64287-18B0-4C46-87E0-4752B44793BB}.Release|Any CPU.Build.0 = Release|Any CPU
		{546F4DB0-BDFE-4259-ADE0-88C260CCE321}.Debug|Any CPU.ActiveCfg = Debug|Any CPU
		{546F4DB0-BDFE-4259-ADE0-88C260CCE321}.Debug|Any CPU.Build.0 = Debug|Any CPU
		{546F4DB0-BDFE-4259-ADE0-88C260CCE321}.Release|Any CPU.ActiveCfg = Release|Any CPU
		{546F4DB0-BDFE-4259-ADE0-88C260CCE321}.Release|Any CPU.Build.0 = Release|Any CPU
		{AEFB15B1-9837-4327-979A-AB29762846FA}.Debug|Any CPU.ActiveCfg = Debug|Any CPU
		{AEFB15B1-9837-4327-979A-AB29762846FA}.Debug|Any CPU.Build.0 = Debug|Any CPU
		{AEFB15B1-9837-4327-979A-AB29762846FA}.Release|Any CPU.ActiveCfg = Release|Any CPU
		{AEFB15B1-9837-4327-979A-AB29762846FA}.Release|Any CPU.Build.0 = Release|Any CPU
		{C1B33B5D-0035-4D8F-B1CA-FC10DA52CBA1}.Debug|Any CPU.ActiveCfg = Debug|Any CPU
		{C1B33B5D-0035-4D8F-B1CA-FC10DA52CBA1}.Debug|Any CPU.Build.0 = Debug|Any CPU
		{C1B33B5D-0035-4D8F-B1CA-FC10DA52CBA1}.Release|Any CPU.ActiveCfg = Release|Any CPU
		{C1B33B5D-0035-4D8F-B1CA-FC10DA52CBA1}.Release|Any CPU.Build.0 = Release|Any CPU
		{D588B1BF-AAA2-4416-AED0-80D3B81CBEE1}.Debug|Any CPU.ActiveCfg = Debug|Any CPU
		{D588B1BF-AAA2-4416-AED0-80D3B81CBEE1}.Debug|Any CPU.Build.0 = Debug|Any CPU
		{D588B1BF-AAA2-4416-AED0-80D3B81CBEE1}.Release|Any CPU.ActiveCfg = Release|Any CPU
		{D588B1BF-AAA2-4416-AED0-80D3B81CBEE1}.Release|Any CPU.Build.0 = Release|Any CPU
		{1F333870-8750-46F4-B634-7D1FF86FC462}.Debug|Any CPU.ActiveCfg = Debug|Any CPU
		{1F333870-8750-46F4-B634-7D1FF86FC462}.Debug|Any CPU.Build.0 = Debug|Any CPU
		{1F333870-8750-46F4-B634-7D1FF86FC462}.Release|Any CPU.ActiveCfg = Release|Any CPU
		{1F333870-8750-46F4-B634-7D1FF86FC462}.Release|Any CPU.Build.0 = Release|Any CPU
		{C39C1C91-0623-43BD-BD3C-A97D0EB4D2F9}.Debug|Any CPU.ActiveCfg = Debug|Any CPU
		{C39C1C91-0623-43BD-BD3C-A97D0EB4D2F9}.Debug|Any CPU.Build.0 = Debug|Any CPU
		{C39C1C91-0623-43BD-BD3C-A97D0EB4D2F9}.Release|Any CPU.ActiveCfg = Release|Any CPU
		{C39C1C91-0623-43BD-BD3C-A97D0EB4D2F9}.Release|Any CPU.Build.0 = Release|Any CPU
	EndGlobalSection
	GlobalSection(SolutionProperties) = preSolution
		HideSolutionNode = FALSE
	EndGlobalSection
	GlobalSection(NestedProjects) = preSolution
		{60C52536-ABCC-432D-A854-B7F0EDFC8CE3} = {592D79C8-02CC-40DB-B2F3-50711C4D5BF9}
		{1086097B-073C-4EAD-8931-2DF2A64E1E0E} = {592D79C8-02CC-40DB-B2F3-50711C4D5BF9}
		{347030D1-B830-410A-B479-3A0F1FACC710} = {B3436B23-5622-41A9-9AE0-5E74683B1A67}
		{804F203F-A330-40B3-B87E-39ABC345003B} = {B3436B23-5622-41A9-9AE0-5E74683B1A67}
		{4EAD7ED0-9D3E-4C27-A092-29DCE127FC5D} = {8EE35064-5BC0-436F-B71D-FCE9C68855FB}
		{8779E2DA-3727-4738-8B75-48F820F27CC2} = {8EE35064-5BC0-436F-B71D-FCE9C68855FB}
		{6878F7B9-C1DD-44DC-87A0-8BCFFD07163A} = {13031114-8647-4D1B-A94E-A0436116A745}
		{789FAA39-D6D1-48D0-AFA8-691A44CC518E} = {13031114-8647-4D1B-A94E-A0436116A745}
		{F7350337-0C2B-4998-9ACD-E1D2E9DECACB} = {79F159E9-D1D9-4B92-BC65-D9404196F54A}
		{FF0CBFA8-D6EB-46D0-8118-5BAF28826458} = {79F159E9-D1D9-4B92-BC65-D9404196F54A}
		{BDFFF8ED-A482-4F62-8BFA-DB80A23F0595} = {A6E4C8DA-4537-41A1-AFC8-5C18DD7907FF}
		{905596E3-C4DF-47D4-9F57-4BA180A9CDAB} = {A6E4C8DA-4537-41A1-AFC8-5C18DD7907FF}
		{D4EEBDA2-F5B0-44A5-88E5-DD725E0B720B} = {1E84DE45-D2AF-4BB7-AD7E-73A8F6B29AD4}
		{D7D64287-18B0-4C46-87E0-4752B44793BB} = {1E84DE45-D2AF-4BB7-AD7E-73A8F6B29AD4}
		{546F4DB0-BDFE-4259-ADE0-88C260CCE321} = {46F2D8A2-D25C-4EF2-9FF4-F7A032603D4E}
		{AEFB15B1-9837-4327-979A-AB29762846FA} = {46F2D8A2-D25C-4EF2-9FF4-F7A032603D4E}
		{C1B33B5D-0035-4D8F-B1CA-FC10DA52CBA1} = {FE7010E7-6E8C-4CA5-9867-49D6B2581EC7}
		{D588B1BF-AAA2-4416-AED0-80D3B81CBEE1} = {FE7010E7-6E8C-4CA5-9867-49D6B2581EC7}
		{1F333870-8750-46F4-B634-7D1FF86FC462} = {4E4E2B1D-C5BE-410D-B792-5910FBC4F045}
		{C39C1C91-0623-43BD-BD3C-A97D0EB4D2F9} = {4E4E2B1D-C5BE-410D-B792-5910FBC4F045}
	EndGlobalSection
	GlobalSection(ExtensibilityGlobals) = postSolution
		SolutionGuid = {AFDC527F-0B48-4153-8CFF-070BDFE74364}
	EndGlobalSection
EndGlobal
